// !$*UTF8*$!
{
	archiveVersion = 1;
	classes = {
	};
	objectVersion = 50;
	objects = {

/* Begin PBXBuildFile section */
		CE59A64A25ADB6FF00CE5F1F /* AppDelegate.swift in Sources */ = {isa = PBXBuildFile; fileRef = CE59A64925ADB6FF00CE5F1F /* AppDelegate.swift */; };
		CE59A64C25ADB6FF00CE5F1F /* SceneDelegate.swift in Sources */ = {isa = PBXBuildFile; fileRef = CE59A64B25ADB6FF00CE5F1F /* SceneDelegate.swift */; };
		CE59A64E25ADB6FF00CE5F1F /* SearchViewController.swift in Sources */ = {isa = PBXBuildFile; fileRef = CE59A64D25ADB6FF00CE5F1F /* SearchViewController.swift */; };
		CE59A65125ADB6FF00CE5F1F /* Main.storyboard in Resources */ = {isa = PBXBuildFile; fileRef = CE59A64F25ADB6FF00CE5F1F /* Main.storyboard */; };
		CE59A65325ADB70200CE5F1F /* Assets.xcassets in Resources */ = {isa = PBXBuildFile; fileRef = CE59A65225ADB70200CE5F1F /* Assets.xcassets */; };
		CE59A65625ADB70200CE5F1F /* LaunchScreen.storyboard in Resources */ = {isa = PBXBuildFile; fileRef = CE59A65425ADB70200CE5F1F /* LaunchScreen.storyboard */; };
		CE59A66E25ADC3F800CE5F1F /* TrackCell.swift in Sources */ = {isa = PBXBuildFile; fileRef = CE59A66D25ADC3F800CE5F1F /* TrackCell.swift */; };
		CE59A67125ADC77100CE5F1F /* Track.swift in Sources */ = {isa = PBXBuildFile; fileRef = CE59A67025ADC77100CE5F1F /* Track.swift */; };
		CE59A67425ADD90000CE5F1F /* QueryService.swift in Sources */ = {isa = PBXBuildFile; fileRef = CE59A67325ADD90000CE5F1F /* QueryService.swift */; };
/* End PBXBuildFile section */

/* Begin PBXFileReference section */
		CE59A64625ADB6FF00CE5F1F /* SampleTunes.app */ = {isa = PBXFileReference; explicitFileType = wrapper.application; includeInIndex = 0; path = SampleTunes.app; sourceTree = BUILT_PRODUCTS_DIR; };
		CE59A64925ADB6FF00CE5F1F /* AppDelegate.swift */ = {isa = PBXFileReference; lastKnownFileType = sourcecode.swift; path = AppDelegate.swift; sourceTree = "<group>"; };
		CE59A64B25ADB6FF00CE5F1F /* SceneDelegate.swift */ = {isa = PBXFileReference; lastKnownFileType = sourcecode.swift; path = SceneDelegate.swift; sourceTree = "<group>"; };
		CE59A64D25ADB6FF00CE5F1F /* SearchViewController.swift */ = {isa = PBXFileReference; lastKnownFileType = sourcecode.swift; path = SearchViewController.swift; sourceTree = "<group>"; };
		CE59A65025ADB6FF00CE5F1F /* Base */ = {isa = PBXFileReference; lastKnownFileType = file.storyboard; name = Base; path = Base.lproj/Main.storyboard; sourceTree = "<group>"; };
		CE59A65225ADB70200CE5F1F /* Assets.xcassets */ = {isa = PBXFileReference; lastKnownFileType = folder.assetcatalog; path = Assets.xcassets; sourceTree = "<group>"; };
		CE59A65525ADB70200CE5F1F /* Base */ = {isa = PBXFileReference; lastKnownFileType = file.storyboard; name = Base; path = Base.lproj/LaunchScreen.storyboard; sourceTree = "<group>"; };
		CE59A65725ADB70200CE5F1F /* Info.plist */ = {isa = PBXFileReference; lastKnownFileType = text.plist.xml; path = Info.plist; sourceTree = "<group>"; };
		CE59A66D25ADC3F800CE5F1F /* TrackCell.swift */ = {isa = PBXFileReference; lastKnownFileType = sourcecode.swift; path = TrackCell.swift; sourceTree = "<group>"; };
		CE59A67025ADC77100CE5F1F /* Track.swift */ = {isa = PBXFileReference; lastKnownFileType = sourcecode.swift; path = Track.swift; sourceTree = "<group>"; };
		CE59A67325ADD90000CE5F1F /* QueryService.swift */ = {isa = PBXFileReference; lastKnownFileType = sourcecode.swift; path = QueryService.swift; sourceTree = "<group>"; };
/* End PBXFileReference section */

/* Begin PBXFrameworksBuildPhase section */
		CE59A64325ADB6FF00CE5F1F /* Frameworks */ = {
			isa = PBXFrameworksBuildPhase;
			buildActionMask = 2147483647;
			files = (
			);
			runOnlyForDeploymentPostprocessing = 0;
		};
/* End PBXFrameworksBuildPhase section */

/* Begin PBXGroup section */
		CE59A63D25ADB6FF00CE5F1F = {
			isa = PBXGroup;
			children = (
				CE59A64825ADB6FF00CE5F1F /* SampleTunes */,
				CE59A64725ADB6FF00CE5F1F /* Products */,
			);
			sourceTree = "<group>";
		};
		CE59A64725ADB6FF00CE5F1F /* Products */ = {
			isa = PBXGroup;
			children = (
				CE59A64625ADB6FF00CE5F1F /* SampleTunes.app */,
			);
			name = Products;
			sourceTree = "<group>";
		};
		CE59A64825ADB6FF00CE5F1F /* SampleTunes */ = {
			isa = PBXGroup;
			children = (
				CE59A64925ADB6FF00CE5F1F /* AppDelegate.swift */,
				CE59A64B25ADB6FF00CE5F1F /* SceneDelegate.swift */,
				CE59A65725ADB70200CE5F1F /* Info.plist */,
				CE59A66525ADB81400CE5F1F /* View Controllers */,
				CE59A66425ADB80B00CE5F1F /* Supporting Files */,
				CE59A66325ADB80300CE5F1F /* Resources */,
				CE59A66225ADB7FD00CE5F1F /* Networking */,
				CE59A66125ADB7F100CE5F1F /* Model */,
				CE59A66025ADB7E600CE5F1F /* Cells */,
			);
			path = SampleTunes;
			sourceTree = "<group>";
		};
		CE59A66025ADB7E600CE5F1F /* Cells */ = {
			isa = PBXGroup;
			children = (
				CE59A66D25ADC3F800CE5F1F /* TrackCell.swift */,
			);
			path = Cells;
			sourceTree = "<group>";
		};
		CE59A66125ADB7F100CE5F1F /* Model */ = {
			isa = PBXGroup;
			children = (
				CE59A67025ADC77100CE5F1F /* Track.swift */,
			);
			path = Model;
			sourceTree = "<group>";
		};
		CE59A66225ADB7FD00CE5F1F /* Networking */ = {
			isa = PBXGroup;
			children = (
				CE59A67325ADD90000CE5F1F /* QueryService.swift */,
			);
			path = Networking;
			sourceTree = "<group>";
		};
		CE59A66325ADB80300CE5F1F /* Resources */ = {
			isa = PBXGroup;
			children = (
				CE59A64F25ADB6FF00CE5F1F /* Main.storyboard */,
				CE59A65225ADB70200CE5F1F /* Assets.xcassets */,
				CE59A65425ADB70200CE5F1F /* LaunchScreen.storyboard */,
			);
			path = Resources;
			sourceTree = "<group>";
		};
		CE59A66425ADB80B00CE5F1F /* Supporting Files */ = {
			isa = PBXGroup;
			children = (
			);
			path = "Supporting Files";
			sourceTree = "<group>";
		};
		CE59A66525ADB81400CE5F1F /* View Controllers */ = {
			isa = PBXGroup;
			children = (
				CE59A64D25ADB6FF00CE5F1F /* SearchViewController.swift */,
			);
			path = "View Controllers";
			sourceTree = "<group>";
		};
/* End PBXGroup section */

/* Begin PBXNativeTarget section */
		CE59A64525ADB6FF00CE5F1F /* SampleTunes */ = {
			isa = PBXNativeTarget;
			buildConfigurationList = CE59A65A25ADB70200CE5F1F /* Build configuration list for PBXNativeTarget "SampleTunes" */;
			buildPhases = (
				CE59A64225ADB6FF00CE5F1F /* Sources */,
				CE59A64325ADB6FF00CE5F1F /* Frameworks */,
				CE59A64425ADB6FF00CE5F1F /* Resources */,
			);
			buildRules = (
			);
			dependencies = (
			);
			name = SampleTunes;
			productName = SampleTunes;
			productReference = CE59A64625ADB6FF00CE5F1F /* SampleTunes.app */;
			productType = "com.apple.product-type.application";
		};
/* End PBXNativeTarget section */

/* Begin PBXProject section */
		CE59A63E25ADB6FF00CE5F1F /* Project object */ = {
			isa = PBXProject;
			attributes = {
				LastSwiftUpdateCheck = 1200;
				LastUpgradeCheck = 1200;
				TargetAttributes = {
					CE59A64525ADB6FF00CE5F1F = {
						CreatedOnToolsVersion = 12.0.1;
					};
				};
			};
			buildConfigurationList = CE59A64125ADB6FF00CE5F1F /* Build configuration list for PBXProject "SampleTunes" */;
			compatibilityVersion = "Xcode 9.3";
			developmentRegion = en;
			hasScannedForEncodings = 0;
			knownRegions = (
				en,
				Base,
			);
			mainGroup = CE59A63D25ADB6FF00CE5F1F;
			productRefGroup = CE59A64725ADB6FF00CE5F1F /* Products */;
			projectDirPath = "";
			projectRoot = "";
			targets = (
				CE59A64525ADB6FF00CE5F1F /* SampleTunes */,
			);
		};
/* End PBXProject section */

/* Begin PBXResourcesBuildPhase section */
		CE59A64425ADB6FF00CE5F1F /* Resources */ = {
			isa = PBXResourcesBuildPhase;
			buildActionMask = 2147483647;
			files = (
				CE59A65625ADB70200CE5F1F /* LaunchScreen.storyboard in Resources */,
				CE59A65325ADB70200CE5F1F /* Assets.xcassets in Resources */,
				CE59A65125ADB6FF00CE5F1F /* Main.storyboard in Resources */,
			);
			runOnlyForDeploymentPostprocessing = 0;
		};
/* End PBXResourcesBuildPhase section */

/* Begin PBXSourcesBuildPhase section */
		CE59A64225ADB6FF00CE5F1F /* Sources */ = {
			isa = PBXSourcesBuildPhase;
			buildActionMask = 2147483647;
			files = (
				CE59A64E25ADB6FF00CE5F1F /* SearchViewController.swift in Sources */,
				CE59A67125ADC77100CE5F1F /* Track.swift in Sources */,
				CE59A64A25ADB6FF00CE5F1F /* AppDelegate.swift in Sources */,
				CE59A64C25ADB6FF00CE5F1F /* SceneDelegate.swift in Sources */,
				CE59A67425ADD90000CE5F1F /* QueryService.swift in Sources */,
				CE59A66E25ADC3F800CE5F1F /* TrackCell.swift in Sources */,
			);
			runOnlyForDeploymentPostprocessing = 0;
		};
/* End PBXSourcesBuildPhase section */

/* Begin PBXVariantGroup section */
		CE59A64F25ADB6FF00CE5F1F /* Main.storyboard */ = {
			isa = PBXVariantGroup;
			children = (
				CE59A65025ADB6FF00CE5F1F /* Base */,
			);
			name = Main.storyboard;
			sourceTree = "<group>";
		};
		CE59A65425ADB70200CE5F1F /* LaunchScreen.storyboard */ = {
			isa = PBXVariantGroup;
			children = (
				CE59A65525ADB70200CE5F1F /* Base */,
			);
			name = LaunchScreen.storyboard;
			sourceTree = "<group>";
		};
/* End PBXVariantGroup section */

/* Begin XCBuildConfiguration section */
		CE59A65825ADB70200CE5F1F /* Debug */ = {
			isa = XCBuildConfiguration;
			buildSettings = {
				ALWAYS_SEARCH_USER_PATHS = NO;
				CLANG_ANALYZER_NONNULL = YES;
				CLANG_ANALYZER_NUMBER_OBJECT_CONVERSION = YES_AGGRESSIVE;
				CLANG_CXX_LANGUAGE_STANDARD = "gnu++14";
				CLANG_CXX_LIBRARY = "libc++";
				CLANG_ENABLE_MODULES = YES;
				CLANG_ENABLE_OBJC_ARC = YES;
				CLANG_ENABLE_OBJC_WEAK = YES;
				CLANG_WARN_BLOCK_CAPTURE_AUTORELEASING = YES;
				CLANG_WARN_BOOL_CONVERSION = YES;
				CLANG_WARN_COMMA = YES;
				CLANG_WARN_CONSTANT_CONVERSION = YES;
				CLANG_WARN_DEPRECATED_OBJC_IMPLEMENTATIONS = YES;
				CLANG_WARN_DIRECT_OBJC_ISA_USAGE = YES_ERROR;
				CLANG_WARN_DOCUMENTATION_COMMENTS = YES;
				CLANG_WARN_EMPTY_BODY = YES;
				CLANG_WARN_ENUM_CONVERSION = YES;
				CLANG_WARN_INFINITE_RECURSION = YES;
				CLANG_WARN_INT_CONVERSION = YES;
				CLANG_WARN_NON_LITERAL_NULL_CONVERSION = YES;
				CLANG_WARN_OBJC_IMPLICIT_RETAIN_SELF = YES;
				CLANG_WARN_OBJC_LITERAL_CONVERSION = YES;
				CLANG_WARN_OBJC_ROOT_CLASS = YES_ERROR;
				CLANG_WARN_QUOTED_INCLUDE_IN_FRAMEWORK_HEADER = YES;
				CLANG_WARN_RANGE_LOOP_ANALYSIS = YES;
				CLANG_WARN_STRICT_PROTOTYPES = YES;
				CLANG_WARN_SUSPICIOUS_MOVE = YES;
				CLANG_WARN_UNGUARDED_AVAILABILITY = YES_AGGRESSIVE;
				CLANG_WARN_UNREACHABLE_CODE = YES;
				CLANG_WARN__DUPLICATE_METHOD_MATCH = YES;
				COPY_PHASE_STRIP = NO;
				DEBUG_INFORMATION_FORMAT = dwarf;
				ENABLE_STRICT_OBJC_MSGSEND = YES;
				ENABLE_TESTABILITY = YES;
				GCC_C_LANGUAGE_STANDARD = gnu11;
				GCC_DYNAMIC_NO_PIC = NO;
				GCC_NO_COMMON_BLOCKS = YES;
				GCC_OPTIMIZATION_LEVEL = 0;
				GCC_PREPROCESSOR_DEFINITIONS = (
					"DEBUG=1",
					"$(inherited)",
				);
				GCC_WARN_64_TO_32_BIT_CONVERSION = YES;
				GCC_WARN_ABOUT_RETURN_TYPE = YES_ERROR;
				GCC_WARN_UNDECLARED_SELECTOR = YES;
				GCC_WARN_UNINITIALIZED_AUTOS = YES_AGGRESSIVE;
				GCC_WARN_UNUSED_FUNCTION = YES;
				GCC_WARN_UNUSED_VARIABLE = YES;
				IPHONEOS_DEPLOYMENT_TARGET = 14.0;
				MTL_ENABLE_DEBUG_INFO = INCLUDE_SOURCE;
				MTL_FAST_MATH = YES;
				ONLY_ACTIVE_ARCH = YES;
				SDKROOT = iphoneos;
				SWIFT_ACTIVE_COMPILATION_CONDITIONS = DEBUG;
				SWIFT_OPTIMIZATION_LEVEL = "-Onone";
			};
			name = Debug;
		};
		CE59A65925ADB70200CE5F1F /* Release */ = {
			isa = XCBuildConfiguration;
			buildSettings = {
				ALWAYS_SEARCH_USER_PATHS = NO;
				CLANG_ANALYZER_NONNULL = YES;
				CLANG_ANALYZER_NUMBER_OBJECT_CONVERSION = YES_AGGRESSIVE;
				CLANG_CXX_LANGUAGE_STANDARD = "gnu++14";
				CLANG_CXX_LIBRARY = "libc++";
				CLANG_ENABLE_MODULES = YES;
				CLANG_ENABLE_OBJC_ARC = YES;
				CLANG_ENABLE_OBJC_WEAK = YES;
				CLANG_WARN_BLOCK_CAPTURE_AUTORELEASING = YES;
				CLANG_WARN_BOOL_CONVERSION = YES;
				CLANG_WARN_COMMA = YES;
				CLANG_WARN_CONSTANT_CONVERSION = YES;
				CLANG_WARN_DEPRECATED_OBJC_IMPLEMENTATIONS = YES;
				CLANG_WARN_DIRECT_OBJC_ISA_USAGE = YES_ERROR;
				CLANG_WARN_DOCUMENTATION_COMMENTS = YES;
				CLANG_WARN_EMPTY_BODY = YES;
				CLANG_WARN_ENUM_CONVERSION = YES;
				CLANG_WARN_INFINITE_RECURSION = YES;
				CLANG_WARN_INT_CONVERSION = YES;
				CLANG_WARN_NON_LITERAL_NULL_CONVERSION = YES;
				CLANG_WARN_OBJC_IMPLICIT_RETAIN_SELF = YES;
				CLANG_WARN_OBJC_LITERAL_CONVERSION = YES;
				CLANG_WARN_OBJC_ROOT_CLASS = YES_ERROR;
				CLANG_WARN_QUOTED_INCLUDE_IN_FRAMEWORK_HEADER = YES;
				CLANG_WARN_RANGE_LOOP_ANALYSIS = YES;
				CLANG_WARN_STRICT_PROTOTYPES = YES;
				CLANG_WARN_SUSPICIOUS_MOVE = YES;
				CLANG_WARN_UNGUARDED_AVAILABILITY = YES_AGGRESSIVE;
				CLANG_WARN_UNREACHABLE_CODE = YES;
				CLANG_WARN__DUPLICATE_METHOD_MATCH = YES;
				COPY_PHASE_STRIP = NO;
				DEBUG_INFORMATION_FORMAT = "dwarf-with-dsym";
				ENABLE_NS_ASSERTIONS = NO;
				ENABLE_STRICT_OBJC_MSGSEND = YES;
				GCC_C_LANGUAGE_STANDARD = gnu11;
				GCC_NO_COMMON_BLOCKS = YES;
				GCC_WARN_64_TO_32_BIT_CONVERSION = YES;
				GCC_WARN_ABOUT_RETURN_TYPE = YES_ERROR;
				GCC_WARN_UNDECLARED_SELECTOR = YES;
				GCC_WARN_UNINITIALIZED_AUTOS = YES_AGGRESSIVE;
				GCC_WARN_UNUSED_FUNCTION = YES;
				GCC_WARN_UNUSED_VARIABLE = YES;
				IPHONEOS_DEPLOYMENT_TARGET = 14.0;
				MTL_ENABLE_DEBUG_INFO = NO;
				MTL_FAST_MATH = YES;
				SDKROOT = iphoneos;
				SWIFT_COMPILATION_MODE = wholemodule;
				SWIFT_OPTIMIZATION_LEVEL = "-O";
				VALIDATE_PRODUCT = YES;
			};
			name = Release;
		};
		CE59A65B25ADB70200CE5F1F /* Debug */ = {
			isa = XCBuildConfiguration;
			buildSettings = {
				ASSETCATALOG_COMPILER_APPICON_NAME = AppIcon;
				ASSETCATALOG_COMPILER_GLOBAL_ACCENT_COLOR_NAME = AccentColor;
				CODE_SIGN_STYLE = Automatic;
				DEVELOPMENT_TEAM = PDY29GF949;
				INFOPLIST_FILE = SampleTunes/Info.plist;
				IPHONEOS_DEPLOYMENT_TARGET = 13.0;
				LD_RUNPATH_SEARCH_PATHS = (
					"$(inherited)",
					"@executable_path/Frameworks",
				);
				PRODUCT_BUNDLE_IDENTIFIER = com.gmail.appl.leslie.SampleTunes;
				PRODUCT_NAME = "$(TARGET_NAME)";
				SWIFT_VERSION = 5.0;
				TARGETED_DEVICE_FAMILY = 1;
			};
			name = Debug;
		};
		CE59A65C25ADB70200CE5F1F /* Release */ = {
			isa = XCBuildConfiguration;
			buildSettings = {
				ASSETCATALOG_COMPILER_APPICON_NAME = AppIcon;
				ASSETCATALOG_COMPILER_GLOBAL_ACCENT_COLOR_NAME = AccentColor;
				CODE_SIGN_STYLE = Automatic;
				DEVELOPMENT_TEAM = PDY29GF949;
				INFOPLIST_FILE = SampleTunes/Info.plist;
				IPHONEOS_DEPLOYMENT_TARGET = 13.0;
				LD_RUNPATH_SEARCH_PATHS = (
					"$(inherited)",
					"@executable_path/Frameworks",
				);
				PRODUCT_BUNDLE_IDENTIFIER = com.gmail.appl.leslie.SampleTunes;
				PRODUCT_NAME = "$(TARGET_NAME)";
				SWIFT_VERSION = 5.0;
				TARGETED_DEVICE_FAMILY = 1;
			};
			name = Release;
		};
/* End XCBuildConfiguration section */

/* Begin XCConfigurationList section */
		CE59A64125ADB6FF00CE5F1F /* Build configuration list for PBXProject "SampleTunes" */ = {
			isa = XCConfigurationList;
			buildConfigurations = (
				CE59A65825ADB70200CE5F1F /* Debug */,
				CE59A65925ADB70200CE5F1F /* Release */,
			);
			defaultConfigurationIsVisible = 0;
			defaultConfigurationName = Release;
		};
		CE59A65A25ADB70200CE5F1F /* Build configuration list for PBXNativeTarget "SampleTunes" */ = {
			isa = XCConfigurationList;
			buildConfigurations = (
				CE59A65B25ADB70200CE5F1F /* Debug */,
				CE59A65C25ADB70200CE5F1F /* Release */,
			);
			defaultConfigurationIsVisible = 0;
			defaultConfigurationName = Release;
		};
/* End XCConfigurationList section */
	};
	rootObject = CE59A63E25ADB6FF00CE5F1F /* Project object */;
}
